
Microsoft Visual Studio Solution File, Format Version 12.00
# Visual Studio Version 16
VisualStudioVersion = 16.0.29215.179
MinimumVisualStudioVersion = 10.0.40219.1
Project("{8BC9CEB8-8B4A-11D0-8D11-00A0C91BC942}") = "Lab1-2-Client", "Lab1-2\Lab1-2.vcxproj", "{171BB3DA-E388-46EF-B020-E605EB87E398}"
EndProject
Project("{8BC9CEB8-8B4A-11D0-8D11-00A0C91BC942}") = "Lab1-2-Server", "Lab1-2-Server\Lab1-2-Server.vcxproj", "{BC0A8E14-C8FB-47F0-BA68-F5CD69093727}"
EndProject
Project("{8BC9CEB8-8B4A-11D0-8D11-00A0C91BC942}") = "Lab3-4-Sniffer", "Lab3-4-Sniffer\Lab3-4-Sniffer.vcxproj", "{B4869A1C-D5D2-4D14-B8D5-2D025243FA81}"
EndProject
Project("{8BC9CEB8-8B4A-11D0-8D11-00A0C91BC942}") = "Lab5-6-HTTP", "Lab5-6-HTTP\Lab5-6-HTTP.vcxproj", "{88E8424E-9D2F-4117-8C84-F00D8DB611C0}"
EndProject
Global
	GlobalSection(SolutionConfigurationPlatforms) = preSolution
		Debug|x64 = Debug|x64
		Debug|x86 = Debug|x86
		Release|x64 = Release|x64
		Release|x86 = Release|x86
	EndGlobalSection
	GlobalSection(ProjectConfigurationPlatforms) = postSolution
		{171BB3DA-E388-46EF-B020-E605EB87E398}.Debug|x64.ActiveCfg = Debug|x64
		{171BB3DA-E388-46EF-B020-E605EB87E398}.Debug|x64.Build.0 = Debug|x64
		{171BB3DA-E388-46EF-B020-E605EB87E398}.Debug|x86.ActiveCfg = Debug|Win32
		{171BB3DA-E388-46EF-B020-E605EB87E398}.Debug|x86.Build.0 = Debug|Win32
		{171BB3DA-E388-46EF-B020-E605EB87E398}.Release|x64.ActiveCfg = Release|x64
		{171BB3DA-E388-46EF-B020-E605EB87E398}.Release|x64.Build.0 = Release|x64
		{171BB3DA-E388-46EF-B020-E605EB87E398}.Release|x86.ActiveCfg = Release|Win32
		{171BB3DA-E388-46EF-B020-E605EB87E398}.Release|x86.Build.0 = Release|Win32
		{BC0A8E14-C8FB-47F0-BA68-F5CD69093727}.Debug|x64.ActiveCfg = Debug|x64
		{BC0A8E14-C8FB-47F0-BA68-F5CD69093727}.Debug|x64.Build.0 = Debug|x64
		{BC0A8E14-C8FB-47F0-BA68-F5CD69093727}.Debug|x86.ActiveCfg = Debug|Win32
		{BC0A8E14-C8FB-47F0-BA68-F5CD69093727}.Debug|x86.Build.0 = Debug|Win32
		{BC0A8E14-C8FB-47F0-BA68-F5CD69093727}.Release|x64.ActiveCfg = Release|x64
		{BC0A8E14-C8FB-47F0-BA68-F5CD69093727}.Release|x64.Build.0 = Release|x64
		{BC0A8E14-C8FB-47F0-BA68-F5CD69093727}.Release|x86.ActiveCfg = Release|Win32
		{BC0A8E14-C8FB-47F0-BA68-F5CD69093727}.Release|x86.Build.0 = Release|Win32
		{B4869A1C-D5D2-4D14-B8D5-2D025243FA81}.Debug|x64.ActiveCfg = Debug|x64
		{B4869A1C-D5D2-4D14-B8D5-2D025243FA81}.Debug|x64.Build.0 = Debug|x64
		{B4869A1C-D5D2-4D14-B8D5-2D025243FA81}.Debug|x86.ActiveCfg = Debug|Win32
		{B4869A1C-D5D2-4D14-B8D5-2D025243FA81}.Debug|x86.Build.0 = Debug|Win32
		{B4869A1C-D5D2-4D14-B8D5-2D025243FA81}.Release|x64.ActiveCfg = Release|x64
		{B4869A1C-D5D2-4D14-B8D5-2D025243FA81}.Release|x64.Build.0 = Release|x64
		{B4869A1C-D5D2-4D14-B8D5-2D025243FA81}.Release|x86.ActiveCfg = Release|Win32
		{B4869A1C-D5D2-4D14-B8D5-2D025243FA81}.Release|x86.Build.0 = Release|Win32
		{88E8424E-9D2F-4117-8C84-F00D8DB611C0}.Debug|x64.ActiveCfg = Debug|x64
		{88E8424E-9D2F-4117-8C84-F00D8DB611C0}.Debug|x64.Build.0 = Debug|x64
		{88E8424E-9D2F-4117-8C84-F00D8DB611C0}.Debug|x86.ActiveCfg = Debug|Win32
		{88E8424E-9D2F-4117-8C84-F00D8DB611C0}.Debug|x86.Build.0 = Debug|Win32
		{88E8424E-9D2F-4117-8C84-F00D8DB611C0}.Release|x64.ActiveCfg = Release|x64
		{88E8424E-9D2F-4117-8C84-F00D8DB611C0}.Release|x64.Build.0 = Release|x64
		{88E8424E-9D2F-4117-8C84-F00D8DB611C0}.Release|x86.ActiveCfg = Release|Win32
		{88E8424E-9D2F-4117-8C84-F00D8DB611C0}.Release|x86.Build.0 = Release|Win32
	EndGlobalSection
	GlobalSection(SolutionProperties) = preSolution
		HideSolutionNode = FALSE
	EndGlobalSection
	GlobalSection(ExtensibilityGlobals) = postSolution
		SolutionGuid = {CD51B0CF-E300-49FB-B6C9-AF01C1D0912F}
	EndGlobalSection
EndGlobal
